
Microsoft Visual Studio Solution File, Format Version 12.00
# Visual Studio 15
VisualStudioVersion = 15.0.26124.0
MinimumVisualStudioVersion = 15.0.26124.0
Project("{FAE04EC0-301F-11D3-BF4B-00C04F79EFBC}") = "Huobi.SDK.Core", "Huobi.SDK.Core\Huobi.SDK.Core.csproj", "{AE3C7119-C28D-4971-A66F-1DE66E631700}"
EndProject
Project("{FAE04EC0-301F-11D3-BF4B-00C04F79EFBC}") = "Huobi.SDK.Core.Test", "Huobi.SDK.Core.Test\Huobi.SDK.Core.Test.csproj", "{96678693-A5B0-4695-A30C-7DD1AA3958D1}"
EndProject
Global
	GlobalSection(SolutionConfigurationPlatforms) = preSolution
		Debug|Any CPU = Debug|Any CPU
		Debug|x64 = Debug|x64
		Debug|x86 = Debug|x86
		Release|Any CPU = Release|Any CPU
		Release|x64 = Release|x64
		Release|x86 = Release|x86
	EndGlobalSection
	GlobalSection(SolutionProperties) = preSolution
		HideSolutionNode = FALSE
	EndGlobalSection
	GlobalSection(ProjectConfigurationPlatforms) = postSolution
		{AE3C7119-C28D-4971-A66F-1DE66E631700}.Debug|Any CPU.ActiveCfg = Debug|Any CPU
		{AE3C7119-C28D-4971-A66F-1DE66E631700}.Debug|Any CPU.Build.0 = Debug|Any CPU
		{AE3C7119-C28D-4971-A66F-1DE66E631700}.Debug|x64.ActiveCfg = Debug|Any CPU
		{AE3C7119-C28D-4971-A66F-1DE66E631700}.Debug|x64.Build.0 = Debug|Any CPU
		{AE3C7119-C28D-4971-A66F-1DE66E631700}.Debug|x86.ActiveCfg = Debug|Any CPU
		{AE3C7119-C28D-4971-A66F-1DE66E631700}.Debug|x86.Build.0 = Debug|Any CPU
		{AE3C7119-C28D-4971-A66F-1DE66E631700}.Release|Any CPU.ActiveCfg = Release|Any CPU
		{AE3C7119-C28D-4971-A66F-1DE66E631700}.Release|Any CPU.Build.0 = Release|Any CPU
		{AE3C7119-C28D-4971-A66F-1DE66E631700}.Release|x64.ActiveCfg = Release|Any CPU
		{AE3C7119-C28D-4971-A66F-1DE66E631700}.Release|x64.Build.0 = Release|Any CPU
		{AE3C7119-C28D-4971-A66F-1DE66E631700}.Release|x86.ActiveCfg = Release|Any CPU
		{AE3C7119-C28D-4971-A66F-1DE66E631700}.Release|x86.Build.0 = Release|Any CPU
		{96678693-A5B0-4695-A30C-7DD1AA3958D1}.Debug|Any CPU.ActiveCfg = Debug|Any CPU
		{96678693-A5B0-4695-A30C-7DD1AA3958D1}.Debug|Any CPU.Build.0 = Debug|Any CPU
		{96678693-A5B0-4695-A30C-7DD1AA3958D1}.Debug|x64.ActiveCfg = Debug|Any CPU
		{96678693-A5B0-4695-A30C-7DD1AA3958D1}.Debug|x64.Build.0 = Debug|Any CPU
		{96678693-A5B0-4695-A30C-7DD1AA3958D1}.Debug|x86.ActiveCfg = Debug|Any CPU
		{96678693-A5B0-4695-A30C-7DD1AA3958D1}.Debug|x86.Build.0 = Debug|Any CPU
		{96678693-A5B0-4695-A30C-7DD1AA3958D1}.Release|Any CPU.ActiveCfg = Release|Any CPU
		{96678693-A5B0-4695-A30C-7DD1AA3958D1}.Release|Any CPU.Build.0 = Release|Any CPU
		{96678693-A5B0-4695-A30C-7DD1AA3958D1}.Release|x64.ActiveCfg = Release|Any CPU
		{96678693-A5B0-4695-A30C-7DD1AA3958D1}.Release|x64.Build.0 = Release|Any CPU
		{96678693-A5B0-4695-A30C-7DD1AA3958D1}.Release|x86.ActiveCfg = Release|Any CPU
		{96678693-A5B0-4695-A30C-7DD1AA3958D1}.Release|x86.Build.0 = Release|Any CPU
	EndGlobalSection
EndGlobal
